
Microsoft Visual Studio Solution File, Format Version 12.00
# Visual Studio Version 17
VisualStudioVersion = 17.4.33103.184
MinimumVisualStudioVersion = 10.0.40219.1
Project("{9A19103F-16F7-4668-BE54-9A1E7A4F7556}") = "ToDoListService", "ToDoListService.csproj", "{5C770C2A-4595-4FA7-8E1E-D7B85CCCB3C0}"
EndProject
Project("{FAE04EC0-301F-11D3-BF4B-00C04F79EFBC}") = "ToDoList.Domain", "ToDoList.Domain\ToDoList.Domain.csproj", "{F98B92C1-C02B-4FE4-8340-9B20C88972B2}"
EndProject
Project("{2150E333-8FDC-42A3-9474-1A3956D46DE8}") = "Services", "Services", "{0A96D297-F252-43F6-9231-10E55FDCD28F}"
EndProject
Project("{FAE04EC0-301F-11D3-BF4B-00C04F79EFBC}") = "ToDoList.Enums", "Services\ToDoList.Enums\ToDoList.Enums.csproj", "{1B1C0024-F2EB-4A8F-A5CB-13B6A8BB476D}"
EndProject
Global
	GlobalSection(SolutionConfigurationPlatforms) = preSolution
		Debug|Any CPU = Debug|Any CPU
		Release|Any CPU = Release|Any CPU
	EndGlobalSection
	GlobalSection(ProjectConfigurationPlatforms) = postSolution
		{5C770C2A-4595-4FA7-8E1E-D7B85CCCB3C0}.Debug|Any CPU.ActiveCfg = Debug|Any CPU
		{5C770C2A-4595-4FA7-8E1E-D7B85CCCB3C0}.Debug|Any CPU.Build.0 = Debug|Any CPU
		{5C770C2A-4595-4FA7-8E1E-D7B85CCCB3C0}.Release|Any CPU.ActiveCfg = Release|Any CPU
		{5C770C2A-4595-4FA7-8E1E-D7B85CCCB3C0}.Release|Any CPU.Build.0 = Release|Any CPU
		{F98B92C1-C02B-4FE4-8340-9B20C88972B2}.Debug|Any CPU.ActiveCfg = Debug|Any CPU
		{F98B92C1-C02B-4FE4-8340-9B20C88972B2}.Debug|Any CPU.Build.0 = Debug|Any CPU
		{F98B92C1-C02B-4FE4-8340-9B20C88972B2}.Release|Any CPU.ActiveCfg = Release|Any CPU
		{F98B92C1-C02B-4FE4-8340-9B20C88972B2}.Release|Any CPU.Build.0 = Release|Any CPU
		{1B1C0024-F2EB-4A8F-A5CB-13B6A8BB476D}.Debug|Any CPU.ActiveCfg = Debug|Any CPU
		{1B1C0024-F2EB-4A8F-A5CB-13B6A8BB476D}.Debug|Any CPU.Build.0 = Debug|Any CPU
		{1B1C0024-F2EB-4A8F-A5CB-13B6A8BB476D}.Release|Any CPU.ActiveCfg = Release|Any CPU
		{1B1C0024-F2EB-4A8F-A5CB-13B6A8BB476D}.Release|Any CPU.Build.0 = Release|Any CPU
	EndGlobalSection
	GlobalSection(SolutionProperties) = preSolution
		HideSolutionNode = FALSE
	EndGlobalSection
	GlobalSection(NestedProjects) = preSolution
		{1B1C0024-F2EB-4A8F-A5CB-13B6A8BB476D} = {0A96D297-F252-43F6-9231-10E55FDCD28F}
	EndGlobalSection
	GlobalSection(ExtensibilityGlobals) = postSolution
		SolutionGuid = {652931CE-BE7E-4672-B0F0-BDB74EEF8906}
	EndGlobalSection
EndGlobal
